
Microsoft Visual Studio Solution File, Format Version 12.00
# Visual Studio Version 17
VisualStudioVersion = 17.1.32228.430
MinimumVisualStudioVersion = 10.0.40219.1
Project("{9A19103F-16F7-4668-BE54-9A1E7A4F7556}") = "AA.CommoditiesDashboard.Api", "AA.CommoditiesDashboard.Api\AA.CommoditiesDashboard.Api.csproj", "{DF31A7F9-EF0C-4734-AD24-DF5684620590}"
EndProject
Project("{9A19103F-16F7-4668-BE54-9A1E7A4F7556}") = "AA.CommoditiesDashboard.DataAccess", "AA.CommoditiesDashboard.DataAccess\AA.CommoditiesDashboard.DataAccess.csproj", "{F5171982-4CA0-4263-8484-0E959A96B394}"
EndProject
Project("{FAE04EC0-301F-11D3-BF4B-00C04F79EFBC}") = "AA.CommoditiesDashboard.Domain", "AA.CommoditiesDashboard.Domain\AA.CommoditiesDashboard.Domain.csproj", "{8ED59E0B-0286-4AF6-9C79-550C63B7B6D0}"
EndProject
Project("{FAE04EC0-301F-11D3-BF4B-00C04F79EFBC}") = "AA.CommoditiesDashboard.Tests", "AA.CommoditiesDashboard.Tests\AA.CommoditiesDashboard.Tests.csproj", "{3A994AA6-4375-4F9C-B9DB-32F2509640B4}"
EndProject
Global
	GlobalSection(SolutionConfigurationPlatforms) = preSolution
		Debug|Any CPU = Debug|Any CPU
		Release|Any CPU = Release|Any CPU
	EndGlobalSection
	GlobalSection(ProjectConfigurationPlatforms) = postSolution
		{DF31A7F9-EF0C-4734-AD24-DF5684620590}.Debug|Any CPU.ActiveCfg = Debug|Any CPU
		{DF31A7F9-EF0C-4734-AD24-DF5684620590}.Debug|Any CPU.Build.0 = Debug|Any CPU
		{DF31A7F9-EF0C-4734-AD24-DF5684620590}.Release|Any CPU.ActiveCfg = Release|Any CPU
		{DF31A7F9-EF0C-4734-AD24-DF5684620590}.Release|Any CPU.Build.0 = Release|Any CPU
		{F5171982-4CA0-4263-8484-0E959A96B394}.Debug|Any CPU.ActiveCfg = Debug|Any CPU
		{F5171982-4CA0-4263-8484-0E959A96B394}.Debug|Any CPU.Build.0 = Debug|Any CPU
		{F5171982-4CA0-4263-8484-0E959A96B394}.Release|Any CPU.ActiveCfg = Release|Any CPU
		{F5171982-4CA0-4263-8484-0E959A96B394}.Release|Any CPU.Build.0 = Release|Any CPU
		{8ED59E0B-0286-4AF6-9C79-550C63B7B6D0}.Debug|Any CPU.ActiveCfg = Debug|Any CPU
		{8ED59E0B-0286-4AF6-9C79-550C63B7B6D0}.Debug|Any CPU.Build.0 = Debug|Any CPU
		{8ED59E0B-0286-4AF6-9C79-550C63B7B6D0}.Release|Any CPU.ActiveCfg = Release|Any CPU
		{8ED59E0B-0286-4AF6-9C79-550C63B7B6D0}.Release|Any CPU.Build.0 = Release|Any CPU
		{3A994AA6-4375-4F9C-B9DB-32F2509640B4}.Debug|Any CPU.ActiveCfg = Debug|Any CPU
		{3A994AA6-4375-4F9C-B9DB-32F2509640B4}.Debug|Any CPU.Build.0 = Debug|Any CPU
		{3A994AA6-4375-4F9C-B9DB-32F2509640B4}.Release|Any CPU.ActiveCfg = Release|Any CPU
		{3A994AA6-4375-4F9C-B9DB-32F2509640B4}.Release|Any CPU.Build.0 = Release|Any CPU
	EndGlobalSection
	GlobalSection(SolutionProperties) = preSolution
		HideSolutionNode = FALSE
	EndGlobalSection
	GlobalSection(ExtensibilityGlobals) = postSolution
		SolutionGuid = {79E9FBC9-2F23-4F94-9DB8-AD128C955A0A}
	EndGlobalSection
EndGlobal
